lockfileVersion: '6.0'

settings:
  autoInstallPeers: true
  excludeLinksFromLockfile: false

dependencies:
  bignumber.js:
    specifier: ^9.1.1
    version: 9.1.1

devDependencies:
  assemblyscript:
    specifier: ^0.27.5
    version: 0.27.5

packages:

  /assemblyscript@0.27.5:
    resolution: {integrity: sha512-8CPn+SPMrvvDEa6CQylYOd+Vu5ubyrVhWw1Iy9EXyTan7+8jB5R5trspf3jsMUrh3urVRA0YR9c3U84biny1QA==}
    engines: {node: '>=16', npm: '>=7'}
    hasBin: true
    dependencies:
      binaryen: 112.0.0-nightly.20230411
      long: 5.2.3
    dev: true

  /bignumber.js@9.1.1:
    resolution: {integrity: sha512-pHm4LsMJ6lzgNGVfZHjMoO8sdoRhOzOH4MLmY65Jg70bpxCKu5iOHNJyfF6OyvYw7t8Fpf35RuzUyqnQsj8Vig==}
    dev: false

  /binaryen@112.0.0-nightly.20230411:
    resolution: {integrity: sha512-4V9r9x9fjAVFZdR2yvBFc3BEJJIBYvd2X8X8k0zAuJsao2gl9wNHDmpQ30QsLo6hgkRfRImkCbCjhXW3RDOYXQ==}
    hasBin: true
    dev: true

  /long@5.2.3:
    resolution: {integrity: sha512-lcHwpNoggQTObv5apGNCTdJrO69eHOZMi4BNC+rTLER8iHAqGrUVeLh/irVIM7zTw2bOXA8T6uNPeujwOLg/2Q==}
    dev: true
